
Microsoft Visual Studio Solution File, Format Version 12.00
# Visual Studio 15
VisualStudioVersion = 15.0.28307.572
MinimumVisualStudioVersion = 10.0.40219.1
Project("{2150E333-8FDC-42A3-9474-1A3956D46DE8}") = "src", "src", "{4FF8CEC8-80EC-4A0F-9261-1122543A79F5}"
EndProject
Project("{9A19103F-16F7-4668-BE54-9A1E7A4F7556}") = "TMDbExample.Core", "src\TMDbExample.Core\TMDbExample.Core.csproj", "{659743B1-838D-4F72-8FE3-1AF890BD45FE}"
EndProject
Project("{9A19103F-16F7-4668-BE54-9A1E7A4F7556}") = "TMDbExample.Forms", "src\TMDbExample.Forms\TMDbExample.Forms.csproj", "{0C1C333B-9A7F-4600-B838-E740A6142029}"
EndProject
Project("{FAE04EC0-301F-11D3-BF4B-00C04F79EFBC}") = "TMDbExample.Android", "src\TMDbExample.Android\TMDbExample.Android.csproj", "{B50A8673-4EC4-477E-AF68-BCEA4998E8FE}"
EndProject
Project("{FAE04EC0-301F-11D3-BF4B-00C04F79EFBC}") = "TMDbExample.iOS", "src\TMDbExample.iOS\TMDbExample.iOS.csproj", "{635EEABB-22EF-436C-BE47-D88A488F17A7}"
EndProject
Project("{FAE04EC0-301F-11D3-BF4B-00C04F79EFBC}") = "TMDbExample.UWP", "src\TMDbExample.UWP\TMDbExample.UWP.csproj", "{06E0412C-CE82-4132-BD0B-FDD1FECD6390}"
EndProject
Project("{2150E333-8FDC-42A3-9474-1A3956D46DE8}") = "test", "test", "{35E110DE-83EB-4EEB-8AEB-E8674F5A43C9}"
EndProject
Project("{9A19103F-16F7-4668-BE54-9A1E7A4F7556}") = "TMDbExample.Core.Test", "test\TMDbExample.Core.Test\TMDbExample.Core.Test.csproj", "{0A31A770-FEAA-47D3-A467-01246FED5491}"
EndProject
Project("{2150E333-8FDC-42A3-9474-1A3956D46DE8}") = "platform", "platform", "{4824DCA1-BED8-42A6-B079-1C57838D59C6}"
EndProject
Global
	GlobalSection(SolutionConfigurationPlatforms) = preSolution
		Debug|Any CPU = Debug|Any CPU
		Debug|ARM = Debug|ARM
		Debug|iPhone = Debug|iPhone
		Debug|iPhoneSimulator = Debug|iPhoneSimulator
		Debug|x64 = Debug|x64
		Debug|x86 = Debug|x86
		Release|Any CPU = Release|Any CPU
		Release|ARM = Release|ARM
		Release|iPhone = Release|iPhone
		Release|iPhoneSimulator = Release|iPhoneSimulator
		Release|x64 = Release|x64
		Release|x86 = Release|x86
	EndGlobalSection
	GlobalSection(ProjectConfigurationPlatforms) = postSolution
		{659743B1-838D-4F72-8FE3-1AF890BD45FE}.Debug|Any CPU.ActiveCfg = Debug|Any CPU
		{659743B1-838D-4F72-8FE3-1AF890BD45FE}.Debug|Any CPU.Build.0 = Debug|Any CPU
		{659743B1-838D-4F72-8FE3-1AF890BD45FE}.Debug|ARM.ActiveCfg = Debug|Any CPU
		{659743B1-838D-4F72-8FE3-1AF890BD45FE}.Debug|ARM.Build.0 = Debug|Any CPU
		{659743B1-838D-4F72-8FE3-1AF890BD45FE}.Debug|iPhone.ActiveCfg = Debug|Any CPU
		{659743B1-838D-4F72-8FE3-1AF890BD45FE}.Debug|iPhone.Build.0 = Debug|Any CPU
		{659743B1-838D-4F72-8FE3-1AF890BD45FE}.Debug|iPhoneSimulator.ActiveCfg = Debug|Any CPU
		{659743B1-838D-4F72-8FE3-1AF890BD45FE}.Debug|iPhoneSimulator.Build.0 = Debug|Any CPU
		{659743B1-838D-4F72-8FE3-1AF890BD45FE}.Debug|x64.ActiveCfg = Debug|Any CPU
		{659743B1-838D-4F72-8FE3-1AF890BD45FE}.Debug|x64.Build.0 = Debug|Any CPU
		{659743B1-838D-4F72-8FE3-1AF890BD45FE}.Debug|x86.ActiveCfg = Debug|Any CPU
		{659743B1-838D-4F72-8FE3-1AF890BD45FE}.Debug|x86.Build.0 = Debug|Any CPU
		{659743B1-838D-4F72-8FE3-1AF890BD45FE}.Release|Any CPU.ActiveCfg = Release|Any CPU
		{659743B1-838D-4F72-8FE3-1AF890BD45FE}.Release|Any CPU.Build.0 = Release|Any CPU
		{659743B1-838D-4F72-8FE3-1AF890BD45FE}.Release|ARM.ActiveCfg = Release|Any CPU
		{659743B1-838D-4F72-8FE3-1AF890BD45FE}.Release|ARM.Build.0 = Release|Any CPU
		{659743B1-838D-4F72-8FE3-1AF890BD45FE}.Release|iPhone.ActiveCfg = Release|Any CPU
		{659743B1-838D-4F72-8FE3-1AF890BD45FE}.Release|iPhone.Build.0 = Release|Any CPU
		{659743B1-838D-4F72-8FE3-1AF890BD45FE}.Release|iPhoneSimulator.ActiveCfg = Release|Any CPU
		{659743B1-838D-4F72-8FE3-1AF890BD45FE}.Release|iPhoneSimulator.Build.0 = Release|Any CPU
		{659743B1-838D-4F72-8FE3-1AF890BD45FE}.Release|x64.ActiveCfg = Release|Any CPU
		{659743B1-838D-4F72-8FE3-1AF890BD45FE}.Release|x64.Build.0 = Release|Any CPU
		{659743B1-838D-4F72-8FE3-1AF890BD45FE}.Release|x86.ActiveCfg = Release|Any CPU
		{659743B1-838D-4F72-8FE3-1AF890BD45FE}.Release|x86.Build.0 = Release|Any CPU
		{0C1C333B-9A7F-4600-B838-E740A6142029}.Debug|Any CPU.ActiveCfg = Debug|Any CPU
		{0C1C333B-9A7F-4600-B838-E740A6142029}.Debug|Any CPU.Build.0 = Debug|Any CPU
		{0C1C333B-9A7F-4600-B838-E740A6142029}.Debug|ARM.ActiveCfg = Debug|Any CPU
		{0C1C333B-9A7F-4600-B838-E740A6142029}.Debug|ARM.Build.0 = Debug|Any CPU
		{0C1C333B-9A7F-4600-B838-E740A6142029}.Debug|iPhone.ActiveCfg = Debug|Any CPU
		{0C1C333B-9A7F-4600-B838-E740A6142029}.Debug|iPhone.Build.0 = Debug|Any CPU
		{0C1C333B-9A7F-4600-B838-E740A6142029}.Debug|iPhoneSimulator.ActiveCfg = Debug|Any CPU
		{0C1C333B-9A7F-4600-B838-E740A6142029}.Debug|iPhoneSimulator.Build.0 = Debug|Any CPU
		{0C1C333B-9A7F-4600-B838-E740A6142029}.Debug|x64.ActiveCfg = Debug|Any CPU
		{0C1C333B-9A7F-4600-B838-E740A6142029}.Debug|x64.Build.0 = Debug|Any CPU
		{0C1C333B-9A7F-4600-B838-E740A6142029}.Debug|x86.ActiveCfg = Debug|Any CPU
		{0C1C333B-9A7F-4600-B838-E740A6142029}.Debug|x86.Build.0 = Debug|Any CPU
		{0C1C333B-9A7F-4600-B838-E740A6142029}.Release|Any CPU.ActiveCfg = Release|Any CPU
		{0C1C333B-9A7F-4600-B838-E740A6142029}.Release|Any CPU.Build.0 = Release|Any CPU
		{0C1C333B-9A7F-4600-B838-E740A6142029}.Release|ARM.ActiveCfg = Release|Any CPU
		{0C1C333B-9A7F-4600-B838-E740A6142029}.Release|ARM.Build.0 = Release|Any CPU
		{0C1C333B-9A7F-4600-B838-E740A6142029}.Release|iPhone.ActiveCfg = Release|Any CPU
		{0C1C333B-9A7F-4600-B838-E740A6142029}.Release|iPhone.Build.0 = Release|Any CPU
		{0C1C333B-9A7F-4600-B838-E740A6142029}.Release|iPhoneSimulator.ActiveCfg = Release|Any CPU
		{0C1C333B-9A7F-4600-B838-E740A6142029}.Release|iPhoneSimulator.Build.0 = Release|Any CPU
		{0C1C333B-9A7F-4600-B838-E740A6142029}.Release|x64.ActiveCfg = Release|Any CPU
		{0C1C333B-9A7F-4600-B838-E740A6142029}.Release|x64.Build.0 = Release|Any CPU
		{0C1C333B-9A7F-4600-B838-E740A6142029}.Release|x86.ActiveCfg = Release|Any CPU
		{0C1C333B-9A7F-4600-B838-E740A6142029}.Release|x86.Build.0 = Release|Any CPU
		{B50A8673-4EC4-477E-AF68-BCEA4998E8FE}.Debug|Any CPU.ActiveCfg = Debug|Any CPU
		{B50A8673-4EC4-477E-AF68-BCEA4998E8FE}.Debug|Any CPU.Build.0 = Debug|Any CPU
		{B50A8673-4EC4-477E-AF68-BCEA4998E8FE}.Debug|Any CPU.Deploy.0 = Debug|Any CPU
		{B50A8673-4EC4-477E-AF68-BCEA4998E8FE}.Debug|ARM.ActiveCfg = Debug|Any CPU
		{B50A8673-4EC4-477E-AF68-BCEA4998E8FE}.Debug|ARM.Build.0 = Debug|Any CPU
		{B50A8673-4EC4-477E-AF68-BCEA4998E8FE}.Debug|ARM.Deploy.0 = Debug|Any CPU
		{B50A8673-4EC4-477E-AF68-BCEA4998E8FE}.Debug|iPhone.ActiveCfg = Debug|Any CPU
		{B50A8673-4EC4-477E-AF68-BCEA4998E8FE}.Debug|iPhone.Build.0 = Debug|Any CPU
		{B50A8673-4EC4-477E-AF68-BCEA4998E8FE}.Debug|iPhone.Deploy.0 = Debug|Any CPU
		{B50A8673-4EC4-477E-AF68-BCEA4998E8FE}.Debug|iPhoneSimulator.ActiveCfg = Debug|Any CPU
		{B50A8673-4EC4-477E-AF68-BCEA4998E8FE}.Debug|iPhoneSimulator.Build.0 = Debug|Any CPU
		{B50A8673-4EC4-477E-AF68-BCEA4998E8FE}.Debug|iPhoneSimulator.Deploy.0 = Debug|Any CPU
		{B50A8673-4EC4-477E-AF68-BCEA4998E8FE}.Debug|x64.ActiveCfg = Debug|Any CPU
		{B50A8673-4EC4-477E-AF68-BCEA4998E8FE}.Debug|x64.Build.0 = Debug|Any CPU
		{B50A8673-4EC4-477E-AF68-BCEA4998E8FE}.Debug|x64.Deploy.0 = Debug|Any CPU
		{B50A8673-4EC4-477E-AF68-BCEA4998E8FE}.Debug|x86.ActiveCfg = Debug|Any CPU
		{B50A8673-4EC4-477E-AF68-BCEA4998E8FE}.Debug|x86.Build.0 = Debug|Any CPU
		{B50A8673-4EC4-477E-AF68-BCEA4998E8FE}.Debug|x86.Deploy.0 = Debug|Any CPU
		{B50A8673-4EC4-477E-AF68-BCEA4998E8FE}.Release|Any CPU.ActiveCfg = Release|Any CPU
		{B50A8673-4EC4-477E-AF68-BCEA4998E8FE}.Release|Any CPU.Build.0 = Release|Any CPU
		{B50A8673-4EC4-477E-AF68-BCEA4998E8FE}.Release|Any CPU.Deploy.0 = Release|Any CPU
		{B50A8673-4EC4-477E-AF68-BCEA4998E8FE}.Release|ARM.ActiveCfg = Release|Any CPU
		{B50A8673-4EC4-477E-AF68-BCEA4998E8FE}.Release|ARM.Build.0 = Release|Any CPU
		{B50A8673-4EC4-477E-AF68-BCEA4998E8FE}.Release|ARM.Deploy.0 = Release|Any CPU
		{B50A8673-4EC4-477E-AF68-BCEA4998E8FE}.Release|iPhone.ActiveCfg = Release|Any CPU
		{B50A8673-4EC4-477E-AF68-BCEA4998E8FE}.Release|iPhone.Build.0 = Release|Any CPU
		{B50A8673-4EC4-477E-AF68-BCEA4998E8FE}.Release|iPhone.Deploy.0 = Release|Any CPU
		{B50A8673-4EC4-477E-AF68-BCEA4998E8FE}.Release|iPhoneSimulator.ActiveCfg = Release|Any CPU
		{B50A8673-4EC4-477E-AF68-BCEA4998E8FE}.Release|iPhoneSimulator.Build.0 = Release|Any CPU
		{B50A8673-4EC4-477E-AF68-BCEA4998E8FE}.Release|iPhoneSimulator.Deploy.0 = Release|Any CPU
		{B50A8673-4EC4-477E-AF68-BCEA4998E8FE}.Release|x64.ActiveCfg = Release|Any CPU
		{B50A8673-4EC4-477E-AF68-BCEA4998E8FE}.Release|x64.Build.0 = Release|Any CPU
		{B50A8673-4EC4-477E-AF68-BCEA4998E8FE}.Release|x64.Deploy.0 = Release|Any CPU
		{B50A8673-4EC4-477E-AF68-BCEA4998E8FE}.Release|x86.ActiveCfg = Release|Any CPU
		{B50A8673-4EC4-477E-AF68-BCEA4998E8FE}.Release|x86.Build.0 = Release|Any CPU
		{B50A8673-4EC4-477E-AF68-BCEA4998E8FE}.Release|x86.Deploy.0 = Release|Any CPU
		{635EEABB-22EF-436C-BE47-D88A488F17A7}.Debug|Any CPU.ActiveCfg = Debug|iPhone
		{635EEABB-22EF-436C-BE47-D88A488F17A7}.Debug|ARM.ActiveCfg = Debug|iPhone
		{635EEABB-22EF-436C-BE47-D88A488F17A7}.Debug|iPhone.ActiveCfg = Debug|iPhone
		{635EEABB-22EF-436C-BE47-D88A488F17A7}.Debug|iPhone.Build.0 = Debug|iPhone
		{635EEABB-22EF-436C-BE47-D88A488F17A7}.Debug|iPhoneSimulator.ActiveCfg = Debug|iPhoneSimulator
		{635EEABB-22EF-436C-BE47-D88A488F17A7}.Debug|iPhoneSimulator.Build.0 = Debug|iPhoneSimulator
		{635EEABB-22EF-436C-BE47-D88A488F17A7}.Debug|x64.ActiveCfg = Debug|iPhone
		{635EEABB-22EF-436C-BE47-D88A488F17A7}.Debug|x86.ActiveCfg = Debug|iPhone
		{635EEABB-22EF-436C-BE47-D88A488F17A7}.Release|Any CPU.ActiveCfg = Release|iPhone
		{635EEABB-22EF-436C-BE47-D88A488F17A7}.Release|ARM.ActiveCfg = Release|iPhone
		{635EEABB-22EF-436C-BE47-D88A488F17A7}.Release|iPhone.ActiveCfg = Release|iPhone
		{635EEABB-22EF-436C-BE47-D88A488F17A7}.Release|iPhone.Build.0 = Release|iPhone
		{635EEABB-22EF-436C-BE47-D88A488F17A7}.Release|iPhoneSimulator.ActiveCfg = Release|iPhoneSimulator
		{635EEABB-22EF-436C-BE47-D88A488F17A7}.Release|iPhoneSimulator.Build.0 = Release|iPhoneSimulator
		{635EEABB-22EF-436C-BE47-D88A488F17A7}.Release|x64.ActiveCfg = Release|iPhone
		{635EEABB-22EF-436C-BE47-D88A488F17A7}.Release|x86.ActiveCfg = Release|iPhone
		{06E0412C-CE82-4132-BD0B-FDD1FECD6390}.Debug|Any CPU.ActiveCfg = Debug|x86
		{06E0412C-CE82-4132-BD0B-FDD1FECD6390}.Debug|ARM.ActiveCfg = Debug|ARM
		{06E0412C-CE82-4132-BD0B-FDD1FECD6390}.Debug|ARM.Build.0 = Debug|ARM
		{06E0412C-CE82-4132-BD0B-FDD1FECD6390}.Debug|ARM.Deploy.0 = Debug|ARM
		{06E0412C-CE82-4132-BD0B-FDD1FECD6390}.Debug|iPhone.ActiveCfg = Debug|x86
		{06E0412C-CE82-4132-BD0B-FDD1FECD6390}.Debug|iPhoneSimulator.ActiveCfg = Debug|x86
		{06E0412C-CE82-4132-BD0B-FDD1FECD6390}.Debug|x64.ActiveCfg = Debug|x64
		{06E0412C-CE82-4132-BD0B-FDD1FECD6390}.Debug|x64.Build.0 = Debug|x64
		{06E0412C-CE82-4132-BD0B-FDD1FECD6390}.Debug|x64.Deploy.0 = Debug|x64
		{06E0412C-CE82-4132-BD0B-FDD1FECD6390}.Debug|x86.ActiveCfg = Debug|x86
		{06E0412C-CE82-4132-BD0B-FDD1FECD6390}.Debug|x86.Build.0 = Debug|x86
		{06E0412C-CE82-4132-BD0B-FDD1FECD6390}.Debug|x86.Deploy.0 = Debug|x86
		{06E0412C-CE82-4132-BD0B-FDD1FECD6390}.Release|Any CPU.ActiveCfg = Release|x86
		{06E0412C-CE82-4132-BD0B-FDD1FECD6390}.Release|ARM.ActiveCfg = Release|ARM
		{06E0412C-CE82-4132-BD0B-FDD1FECD6390}.Release|ARM.Build.0 = Release|ARM
		{06E0412C-CE82-4132-BD0B-FDD1FECD6390}.Release|ARM.Deploy.0 = Release|ARM
		{06E0412C-CE82-4132-BD0B-FDD1FECD6390}.Release|iPhone.ActiveCfg = Release|x86
		{06E0412C-CE82-4132-BD0B-FDD1FECD6390}.Release|iPhoneSimulator.ActiveCfg = Release|x86
		{06E0412C-CE82-4132-BD0B-FDD1FECD6390}.Release|x64.ActiveCfg = Release|x64
		{06E0412C-CE82-4132-BD0B-FDD1FECD6390}.Release|x64.Build.0 = Release|x64
		{06E0412C-CE82-4132-BD0B-FDD1FECD6390}.Release|x64.Deploy.0 = Release|x64
		{06E0412C-CE82-4132-BD0B-FDD1FECD6390}.Release|x86.ActiveCfg = Release|x86
		{06E0412C-CE82-4132-BD0B-FDD1FECD6390}.Release|x86.Build.0 = Release|x86
		{06E0412C-CE82-4132-BD0B-FDD1FECD6390}.Release|x86.Deploy.0 = Release|x86
		{0A31A770-FEAA-47D3-A467-01246FED5491}.Debug|Any CPU.ActiveCfg = Debug|Any CPU
		{0A31A770-FEAA-47D3-A467-01246FED5491}.Debug|Any CPU.Build.0 = Debug|Any CPU
		{0A31A770-FEAA-47D3-A467-01246FED5491}.Debug|ARM.ActiveCfg = Debug|Any CPU
		{0A31A770-FEAA-47D3-A467-01246FED5491}.Debug|ARM.Build.0 = Debug|Any CPU
		{0A31A770-FEAA-47D3-A467-01246FED5491}.Debug|iPhone.ActiveCfg = Debug|Any CPU
		{0A31A770-FEAA-47D3-A467-01246FED5491}.Debug|iPhone.Build.0 = Debug|Any CPU
		{0A31A770-FEAA-47D3-A467-01246FED5491}.Debug|iPhoneSimulator.ActiveCfg = Debug|Any CPU
		{0A31A770-FEAA-47D3-A467-01246FED5491}.Debug|iPhoneSimulator.Build.0 = Debug|Any CPU
		{0A31A770-FEAA-47D3-A467-01246FED5491}.Debug|x64.ActiveCfg = Debug|Any CPU
		{0A31A770-FEAA-47D3-A467-01246FED5491}.Debug|x64.Build.0 = Debug|Any CPU
		{0A31A770-FEAA-47D3-A467-01246FED5491}.Debug|x86.ActiveCfg = Debug|Any CPU
		{0A31A770-FEAA-47D3-A467-01246FED5491}.Debug|x86.Build.0 = Debug|Any CPU
		{0A31A770-FEAA-47D3-A467-01246FED5491}.Release|Any CPU.ActiveCfg = Release|Any CPU
		{0A31A770-FEAA-47D3-A467-01246FED5491}.Release|Any CPU.Build.0 = Release|Any CPU
		{0A31A770-FEAA-47D3-A467-01246FED5491}.Release|ARM.ActiveCfg = Release|Any CPU
		{0A31A770-FEAA-47D3-A467-01246FED5491}.Release|ARM.Build.0 = Release|Any CPU
		{0A31A770-FEAA-47D3-A467-01246FED5491}.Release|iPhone.ActiveCfg = Release|Any CPU
		{0A31A770-FEAA-47D3-A467-01246FED5491}.Release|iPhone.Build.0 = Release|Any CPU
		{0A31A770-FEAA-47D3-A467-01246FED5491}.Release|iPhoneSimulator.ActiveCfg = Release|Any CPU
		{0A31A770-FEAA-47D3-A467-01246FED5491}.Release|iPhoneSimulator.Build.0 = Release|Any CPU
		{0A31A770-FEAA-47D3-A467-01246FED5491}.Release|x64.ActiveCfg = Release|Any CPU
		{0A31A770-FEAA-47D3-A467-01246FED5491}.Release|x64.Build.0 = Release|Any CPU
		{0A31A770-FEAA-47D3-A467-01246FED5491}.Release|x86.ActiveCfg = Release|Any CPU
		{0A31A770-FEAA-47D3-A467-01246FED5491}.Release|x86.Build.0 = Release|Any CPU
	EndGlobalSection
	GlobalSection(SolutionProperties) = preSolution
		HideSolutionNode = FALSE
	EndGlobalSection
	GlobalSection(NestedProjects) = preSolution
		{659743B1-838D-4F72-8FE3-1AF890BD45FE} = {4FF8CEC8-80EC-4A0F-9261-1122543A79F5}
		{0C1C333B-9A7F-4600-B838-E740A6142029} = {4FF8CEC8-80EC-4A0F-9261-1122543A79F5}
		{B50A8673-4EC4-477E-AF68-BCEA4998E8FE} = {4824DCA1-BED8-42A6-B079-1C57838D59C6}
		{635EEABB-22EF-436C-BE47-D88A488F17A7} = {4824DCA1-BED8-42A6-B079-1C57838D59C6}
		{06E0412C-CE82-4132-BD0B-FDD1FECD6390} = {4824DCA1-BED8-42A6-B079-1C57838D59C6}
		{0A31A770-FEAA-47D3-A467-01246FED5491} = {35E110DE-83EB-4EEB-8AEB-E8674F5A43C9}
		{4824DCA1-BED8-42A6-B079-1C57838D59C6} = {4FF8CEC8-80EC-4A0F-9261-1122543A79F5}
	EndGlobalSection
	GlobalSection(ExtensibilityGlobals) = postSolution
		SolutionGuid = {224B3397-77CC-4F6F-AA60-9C8A5AF261FC}
	EndGlobalSection
EndGlobal
